{
	"_OFProjectGeneratorVersion": "0.103.0",
	"archiveVersion": "1",
	"classes": {},
	"objectVersion": "54",
	"objects": {
		"00869DCA-9924-4D77-A8E5-E55811ABA71B": {
			"fileEncoding": "4",
			"isa": "PBXFileReference",
			"lastKnownFileType": "sourcecode.cpp.h",
			"name": "ofxProcessFFT.h",
			"sourceTree": "<group>"
		},
		"02D17BC6-1C28-4FAB-8B67-CBFDA6D72E21": {
			"fileEncoding": "4",
			"isa": "PBXFileReference",
			"lastKnownFileType": "sourcecode.cpp.h",
			"name": "ofxSlider.h",
			"sourceTree": "<group>"
		},
		"03E26F62-AA78-4545-9E08-0F535382B115": {
			"fileRef": "97B965FC-FCD5-4604-B2EC-003732186D4D",
			"isa": "PBXBuildFile"
		},
		"04D36D50-7D78-44D3-938D-8565F771BDBD": {
			"fileRef": "14D7C834-B0FF-4775-B8F6-2E779388D9B7",
			"isa": "PBXBuildFile"
		},
		"0703684E-8D76-432F-A89E-FBD7F876C9AE": {
			"fileEncoding": "4",
			"isa": "PBXFileReference",
			"lastKnownFileType": "sourcecode.cpp.cpp",
			"name": "EdgePass.cpp",
			"sourceTree": "<group>"
		},
		"07A2C17C-C8AA-4439-8CF4-A10E03A35200": {
			"fileRef": "93690D84-4182-4DDE-9ADD-6E347529FE83",
			"isa": "PBXBuildFile"
		},
		"07EE32F4-5908-4187-8FB6-31C198AF0909": {
			"fileEncoding": "4",
			"isa": "PBXFileReference",
			"lastKnownFileType": "sourcecode.cpp.h",
			"name": "RGBShiftPass.h",
			"sourceTree": "<group>"
		},
		"0A553909-1BA6-4242-94CC-1B94040C9DFE": {
			"fileEncoding": "4",
			"isa": "PBXFileReference",
			"lastKnownFileType": "sourcecode.cpp.cpp",
			"name": "ConvolutionPass.cpp",
			"sourceTree": "<group>"
		},
		"0BD79E20-40A5-4A12-8892-BE289D008A6D": {
			"fileEncoding": "4",
			"isa": "PBXFileReference",
			"lastKnownFileType": "sourcecode.cpp.cpp",
			"name": "jsoncpp.cpp",
			"sourceTree": "<group>"
		},
		"0DB4717E-C9B8-4F38-AAF4-6F9444F11144": {
			"fileEncoding": "4",
			"isa": "PBXFileReference",
			"lastKnownFileType": "sourcecode.cpp.h",
			"name": "ofxToggle.h",
			"sourceTree": "<group>"
		},
		"0F2FF0E6-CEF8-4F9A-BDE4-F8C5BAE8FA1E": {
			"fileEncoding": "4",
			"isa": "PBXFileReference",
			"lastKnownFileType": "sourcecode.cpp.cpp",
			"name": "SSAOPass.cpp",
			"sourceTree": "<group>"
		},
		"105519F2-491D-46E0-9BB1-5A8D921D000F": {
			"children": [
				"E87A16BE-18B0-4CFB-9EB8-E8CED2EF3683"
			],
			"isa": "PBXGroup",
			"name": "include",
			"path": "include",
			"sourceTree": "<group>"
		},
		"12E0D294-91EC-4F13-908D-F811A071C3FC": {
			"children": [
				"9DDA951D-A4EC-4B2E-BB52-B918BC00DC58"
			],
			"isa": "PBXGroup",
			"name": "libs",
			"path": "libs",
			"sourceTree": "<group>"
		},
		"1445EDFA-CFC4-4E4D-B95C-0E97CC683E24": {
			"fileRef": "5A7B91D5-ED55-4DC3-88D2-7F795F8F1413",
			"isa": "PBXBuildFile"
		},
		"1469337B-F622-4C96-AFB9-F428AAA7B457": {
			"fileRef": "EFA6A3CF-7017-4E25-B56A-82EF1B67DE04",
			"isa": "PBXBuildFile"
		},
		"14D7C834-B0FF-4775-B8F6-2E779388D9B7": {
			"fileEncoding": "4",
			"isa": "PBXFileReference",
			"lastKnownFileType": "sourcecode.cpp.cpp",
			"name": "KaleidoscopePass.cpp",
			"sourceTree": "<group>"
		},
		"191CD6FA2847E21E0085CBB6": {
			"fileEncoding": "4",
			"isa": "PBXFileReference",
			"lastKnownFileType": "text.plist.entitlements",
			"path": "of.entitlements",
			"sourceTree": "<group>"
		},
		"191EF70929D778A400F35F26": {
			"isa": "PBXFileReference",
			"lastKnownFileType": "folder",
			"name": "openFrameworks",
			"path": "../../../libs/openFrameworks",
			"sourceTree": "SOURCE_ROOT"
		},
		"19B789C429E5AB4A0082E9B8": {
			"alwaysOutOfDate": "1",
			"buildActionMask": "2147483647",
			"files": [],
			"inputFileListPaths": [],
			"inputPaths": [],
			"isa": "PBXShellScriptBuildPhase",
			"outputFileListPaths": [],
			"outputPaths": [],
			"runOnlyForDeploymentPostprocessing": "0",
			"shellPath": "/bin/sh",
			"shellScript": "\"$OF_PATH/scripts/osx/xcode_project.sh\"\n",
			"showEnvVarsInLog": "0"
		},
		"19C5AB0A-8CBF-4120-BA35-4C52D4AFC93B": {
			"fileEncoding": "4",
			"isa": "PBXFileReference",
			"lastKnownFileType": "sourcecode.cpp.h",
			"name": "ofxSliderGroup.h",
			"sourceTree": "<group>"
		},
		"1B37D021-F5F8-4E63-AF4D-08FD53EF5111": {
			"fileEncoding": "4",
			"isa": "PBXFileReference",
			"lastKnownFileType": "sourcecode.cpp.cpp",
			"name": "ofxJSONElement.cpp",
			"sourceTree": "<group>"
		},
		"1B508D8D-7804-42BD-8EB4-1D3DD98CADD6": {
			"fileRef": "C9D2573A-0171-4489-BB3F-FB96DBE2C2D5",
			"isa": "PBXBuildFile"
		},
		"1B67C228-CCA0-4129-B684-DE02791F714D": {
			"fileEncoding": "4",
			"isa": "PBXFileReference",
			"lastKnownFileType": "sourcecode.cpp.h",
			"name": "GodRaysPass.h",
			"sourceTree": "<group>"
		},
		"1CE2AAE9-25C5-4CD1-85E6-A7738086AA4B": {
			"fileEncoding": "4",
			"isa": "PBXFileReference",
			"lastKnownFileType": "sourcecode.cpp.cpp",
			"name": "FxaaPass.cpp",
			"sourceTree": "<group>"
		},
		"1CF7705E-58AF-4ABD-99E2-E1CBB9DFC10C": {
			"fileRef": "7B957182-9869-412E-A6AE-7101FBE991FE",
			"isa": "PBXBuildFile"
		},
		"206E4EFE-DC96-4153-B69B-444E2AF177A0": {
			"fileEncoding": "4",
			"isa": "PBXFileReference",
			"lastKnownFileType": "sourcecode.cpp.h",
			"name": "ofxGuiUtils.h",
			"sourceTree": "<group>"
		},
		"21F83BA8-C49B-4190-8BB4-E5471B20146A": {
			"fileEncoding": "4",
			"isa": "PBXFileReference",
			"lastKnownFileType": "sourcecode.cpp.h",
			"name": "_kiss_fft_guts.h",
			"sourceTree": "<group>"
		},
		"22F0B72F-F84C-4C9E-B12B-F76BCDC9784C": {
			"fileRef": "9325FD3D-0553-4CDE-A865-FE4194E87546",
			"isa": "PBXBuildFile"
		},
		"28258320-84D4-4BC5-ACB0-A217756F3827": {
			"fileEncoding": "4",
			"isa": "PBXFileReference",
			"lastKnownFileType": "sourcecode.cpp.h",
			"name": "FxaaPass.h",
			"sourceTree": "<group>"
		},
		"289D4A48-5F9E-4BFF-BB25-CF503498C784": {
			"fileRef": "F09D9DA9-D410-4357-8E6A-DEC6BF53BBE7",
			"isa": "PBXBuildFile"
		},
		"31575B10-03F6-45F5-8EDB-ACEF292E6916": {
			"fileEncoding": "4",
			"isa": "PBXFileReference",
			"lastKnownFileType": "sourcecode.cpp.cpp",
			"name": "ofxSlider.cpp",
			"sourceTree": "<group>"
		},
		"33D97659-B209-43DE-BFD9-908ED5217E82": {
			"children": [
				"B4DACF13-02F0-45D7-923B-835E0C676FAF"
			],
			"isa": "PBXGroup",
			"name": "ofxGui",
			"path": "ofxGui",
			"sourceTree": "<group>"
		},
		"35B3B2DA-BB0C-4518-8B40-B16F078285EF": {
			"fileRef": "CED817F9-C5FC-4A29-992E-B50ACA347E51",
			"isa": "PBXBuildFile"
		},
		"36E46BCF-D31A-4DBE-9AE0-07B0F371F07C": {
			"children": [
				"74A2F8F1-C07C-4657-8E39-382256255882",
				"6A5924EF-CC3D-4047-B93F-09931CD6A2DE"
			],
			"isa": "PBXGroup",
			"name": "libs",
			"path": "libs",
			"sourceTree": "<group>"
		},
		"374AD03D-99E2-4252-8548-827D89428F62": {
			"fileEncoding": "4",
			"isa": "PBXFileReference",
			"lastKnownFileType": "sourcecode.cpp.cpp",
			"name": "ofxGuiGroup.cpp",
			"sourceTree": "<group>"
		},
		"3778A6F5-CA57-4166-9311-C44ECA14C630": {
			"fileEncoding": "4",
			"isa": "PBXFileReference",
			"lastKnownFileType": "sourcecode.cpp.cpp",
			"name": "RenderPass.cpp",
			"sourceTree": "<group>"
		},
		"38ADE9C0-16E2-43BF-9A0A-88BEAF95555A": {
			"fileEncoding": "4",
			"isa": "PBXFileReference",
			"lastKnownFileType": "sourcecode.cpp.cpp",
			"name": "LimbDarkeningPass.cpp",
			"sourceTree": "<group>"
		},
		"3F6CAE2B-A462-423F-AA77-2277CD3E28F5": {
			"fileEncoding": "4",
			"isa": "PBXFileReference",
			"lastKnownFileType": "sourcecode.cpp.h",
			"name": "ofxBaseGui.h",
			"sourceTree": "<group>"
		},
		"43BE54E1-2AC6-4B5B-94D4-04BCE61D7EDB": {
			"fileEncoding": "4",
			"isa": "PBXFileReference",
			"lastKnownFileType": "sourcecode.cpp.h",
			"name": "DofAltPass.h",
			"sourceTree": "<group>"
		},
		"43E89B48-DC56-4094-9FC0-DD9446607F3C": {
			"fileRef": "0F2FF0E6-CEF8-4F9A-BDE4-F8C5BAE8FA1E",
			"isa": "PBXBuildFile"
		},
		"47002871-416D-4C89-8152-F292B0B81011": {
			"fileRef": "3778A6F5-CA57-4166-9311-C44ECA14C630",
			"isa": "PBXBuildFile"
		},
		"483370B3-CB1E-4AF3-9E57-7005284BD3C9": {
			"fileEncoding": "4",
			"isa": "PBXFileReference",
			"lastKnownFileType": "sourcecode.cpp.h",
			"name": "ofxPanel.h",
			"sourceTree": "<group>"
		},
		"485B21C3-D771-4CFA-B2F1-F19785D7D96A": {
			"children": [
				"E977CA2A-A22F-4BAD-B08F-30BFAA64F77E",
				"985E20C6-0232-43C7-93E9-890CBA99F322",
				"7B957182-9869-412E-A6AE-7101FBE991FE",
				"B47ABAA0-5E62-43C0-9029-B600F24F178F",
				"729A5C41-91ED-45C6-9136-ECA0865A7D0B",
				"6E52AE4B-1749-488A-9F8F-1FEE8B5DB669",
				"0A553909-1BA6-4242-94CC-1B94040C9DFE",
				"95957625-9E0B-43E2-A440-9B95F641931F",
				"ED0364D0-BC0B-4A39-B59E-7BA39385A6BC",
				"43BE54E1-2AC6-4B5B-94D4-04BCE61D7EDB",
				"7BA900BE-5560-42BF-9FA5-BE81D1D5C4D3",
				"CA9256E1-58E2-497E-8133-A3D238B2D937",
				"0703684E-8D76-432F-A89E-FBD7F876C9AE",
				"C6E6CCDD-1460-491C-AA94-BDB917B48C94",
				"6F48A4A4-F794-4B12-A1EE-A7A3605E981B",
				"6D06906F-C023-43A3-955D-3FE05DEB0C69",
				"1CE2AAE9-25C5-4CD1-85E6-A7738086AA4B",
				"28258320-84D4-4BC5-ACB0-A217756F3827",
				"4D5B53E6-FE29-4007-B384-0C7D12C547A8",
				"1B67C228-CCA0-4129-B684-DE02791F714D",
				"98FCDFF3-9E5D-463B-9CCE-D4CA9981CE2A",
				"AF7012CF-975E-474A-99C1-18713655300E",
				"67358128-7D0B-4A71-9C8A-4FA6193EE5A6",
				"5CB17570-5CEA-4280-A3A6-981609D18ACB",
				"14D7C834-B0FF-4775-B8F6-2E779388D9B7",
				"59F96FAC-E903-4727-B586-DAF286D3031A",
				"93690D84-4182-4DDE-9ADD-6E347529FE83",
				"C4046988-436C-4767-AF4A-3F325B9698B7",
				"38ADE9C0-16E2-43BF-9A0A-88BEAF95555A",
				"81510C5B-76CF-422D-A8F7-F9FCCB0E9948",
				"69FA5EAA-FB0A-481E-9D89-62A09B0550BA",
				"7E3DE136-78A1-4568-B500-0007F67DA31B",
				"7499A432-0A99-46E4-8FCD-F7B396F3FF35",
				"809616DD-D851-4FF5-ADFD-5E9A47BFB2FF",
				"EFA6A3CF-7017-4E25-B56A-82EF1B67DE04",
				"F72DAE28-6699-4FB1-9E14-4A0DEA6F8474",
				"91C930EE-5D69-4EE5-AB20-E91A1993BBE2",
				"07EE32F4-5908-4187-8FB6-31C198AF0909",
				"3778A6F5-CA57-4166-9311-C44ECA14C630",
				"4E398EC4-344F-4BF7-9A02-9CEAA0540764",
				"72A62018-C689-4F9F-8AB5-EAF35DE03592",
				"DC9F5EA6-A39D-4F97-869D-0ECB2CE34711",
				"0F2FF0E6-CEF8-4F9A-BDE4-F8C5BAE8FA1E",
				"FC878A72-34E1-4EA6-ADDA-6801FFDD5559",
				"CECA10F6-01ED-4881-9C8D-A4A92640A011",
				"C8CD2CF4-D912-4B22-A98E-6371E856AFFF",
				"C9D2573A-0171-4489-BB3F-FB96DBE2C2D5",
				"66ED3CDE-64C9-4E12-84A7-32AA359E58A3",
				"F09D9DA9-D410-4357-8E6A-DEC6BF53BBE7",
				"5E2E103B-C64B-46E9-A784-74AC950B8E6C",
				"B35611C4-780B-44EA-85AA-F71CB2DEF575"
			],
			"isa": "PBXGroup",
			"name": "src",
			"path": "src",
			"sourceTree": "<group>"
		},
		"4AB7D3A3-10DD-4482-9434-5F748A49740C": {
			"fileRef": "0BD79E20-40A5-4A12-8892-BE289D008A6D",
			"isa": "PBXBuildFile"
		},
		"4D5B53E6-FE29-4007-B384-0C7D12C547A8": {
			"fileEncoding": "4",
			"isa": "PBXFileReference",
			"lastKnownFileType": "sourcecode.cpp.cpp",
			"name": "GodRaysPass.cpp",
			"sourceTree": "<group>"
		},
		"4E398EC4-344F-4BF7-9A02-9CEAA0540764": {
			"fileEncoding": "4",
			"isa": "PBXFileReference",
			"lastKnownFileType": "sourcecode.cpp.h",
			"name": "RenderPass.h",
			"sourceTree": "<group>"
		},
		"4FD2421F-A363-4D62-8756-3480556B1CD3": {
			"fileRef": "F1B307F6-0F1A-4ABD-9D9B-FE6F6B6B198E",
			"isa": "PBXBuildFile"
		},
		"565B3902-1D2B-46F4-BE74-7FE20DBE93CD": {
			"fileEncoding": "4",
			"isa": "PBXFileReference",
			"lastKnownFileType": "sourcecode.cpp.cpp",
			"name": "ofxBaseGui.cpp",
			"sourceTree": "<group>"
		},
		"56E4081C-E4E4-4A3B-9FAD-C3A4E2207D3D": {
			"fileEncoding": "4",
			"isa": "PBXFileReference",
			"lastKnownFileType": "sourcecode.cpp.h",
			"name": "kiss_fft.h",
			"sourceTree": "<group>"
		},
		"59F96FAC-E903-4727-B586-DAF286D3031A": {
			"fileEncoding": "4",
			"isa": "PBXFileReference",
			"lastKnownFileType": "sourcecode.cpp.h",
			"name": "KaleidoscopePass.h",
			"sourceTree": "<group>"
		},
		"5A53166F-50BE-4293-823D-37A1AFAF731F": {
			"fileRef": "E977CA2A-A22F-4BAD-B08F-30BFAA64F77E",
			"isa": "PBXBuildFile"
		},
		"5A7B91D5-ED55-4DC3-88D2-7F795F8F1413": {
			"fileEncoding": "4",
			"isa": "PBXFileReference",
			"lastKnownFileType": "sourcecode.cpp.cpp",
			"name": "ofxSliderGroup.cpp",
			"sourceTree": "<group>"
		},
		"5CB17570-5CEA-4280-A3A6-981609D18ACB": {
			"fileEncoding": "4",
			"isa": "PBXFileReference",
			"lastKnownFileType": "sourcecode.cpp.h",
			"name": "HsbShiftPass.h",
			"sourceTree": "<group>"
		},
		"5D4159A1-DC9B-4066-BD3D-073189BC9EDD": {
			"fileEncoding": "4",
			"isa": "PBXFileReference",
			"lastKnownFileType": "sourcecode.cpp.h",
			"name": "ofxEasyFft.h",
			"sourceTree": "<group>"
		},
		"5DC693C9-4CB7-42CD-9DAA-9836AE5F390D": {
			"fileRef": "69FA5EAA-FB0A-481E-9D89-62A09B0550BA",
			"isa": "PBXBuildFile"
		},
		"5E1B7A85-3CF2-46BD-8FF7-C9E98C8D324E": {
			"fileEncoding": "4",
			"isa": "PBXFileReference",
			"lastKnownFileType": "folder",
			"name": "data",
			"path": "bin/data",
			"sourceTree": "SOURCE_ROOT"
		},
		"5E2E103B-C64B-46E9-A784-74AC950B8E6C": {
			"fileEncoding": "4",
			"isa": "PBXFileReference",
			"lastKnownFileType": "sourcecode.cpp.h",
			"name": "ZoomBlurPass.h",
			"sourceTree": "<group>"
		},
		"60A699E5-0F13-4ED8-857F-4C78E8BACCCE": {
			"fileRef": "AC9C1187-C074-4495-89C7-5F4DB8665590",
			"isa": "PBXBuildFile"
		},
		"618C0A95-8D6B-48AA-B189-FE3335466406": {
			"fileRef": "98FCDFF3-9E5D-463B-9CCE-D4CA9981CE2A",
			"isa": "PBXBuildFile"
		},
		"64B1CAAE-6EFA-4AE6-B74B-F865A692D526": {
			"fileRef": "8EAF77F6-DC21-4E1A-A5EA-58CF619A3B38",
			"isa": "PBXBuildFile"
		},
		"653F38A7-0186-48D8-AE7A-CB3BE24A3877": {
			"fileRef": "7499A432-0A99-46E4-8FCD-F7B396F3FF35",
			"isa": "PBXBuildFile"
		},
		"66ED3CDE-64C9-4E12-84A7-32AA359E58A3": {
			"fileEncoding": "4",
			"isa": "PBXFileReference",
			"lastKnownFileType": "sourcecode.cpp.h",
			"name": "VerticalTiltShifPass.h",
			"sourceTree": "<group>"
		},
		"67358128-7D0B-4A71-9C8A-4FA6193EE5A6": {
			"fileEncoding": "4",
			"isa": "PBXFileReference",
			"lastKnownFileType": "sourcecode.cpp.cpp",
			"name": "HsbShiftPass.cpp",
			"sourceTree": "<group>"
		},
		"68E9F2A7-9814-495E-89D3-28DF8C1EDDA1": {
			"fileEncoding": "4",
			"isa": "PBXFileReference",
			"lastKnownFileType": "sourcecode.cpp.cpp",
			"name": "ofxEasyFft.cpp",
			"sourceTree": "<group>"
		},
		"698FB770-BAD4-4ABB-97FD-A991A3FC574A": {
			"fileRef": "CECA10F6-01ED-4881-9C8D-A4A92640A011",
			"isa": "PBXBuildFile"
		},
		"69FA5EAA-FB0A-481E-9D89-62A09B0550BA": {
			"fileEncoding": "4",
			"isa": "PBXFileReference",
			"lastKnownFileType": "sourcecode.cpp.cpp",
			"name": "NoiseWarpPass.cpp",
			"sourceTree": "<group>"
		},
		"6A285565-31C9-4F1C-9486-4D30E1AB18F2": {
			"fileEncoding": "4",
			"isa": "PBXFileReference",
			"lastKnownFileType": "sourcecode.cpp.cpp",
			"name": "ofxFftw.cpp",
			"sourceTree": "<group>"
		},
		"6A5924EF-CC3D-4047-B93F-09931CD6A2DE": {
			"children": [
				"21F83BA8-C49B-4190-8BB4-E5471B20146A",
				"97B965FC-FCD5-4604-B2EC-003732186D4D",
				"56E4081C-E4E4-4A3B-9FAD-C3A4E2207D3D",
				"F4555F94-0F3F-4084-A476-ECBEB2D19643",
				"E85B81BD-1FD1-4BDA-A06E-E75BC0404B5F"
			],
			"isa": "PBXGroup",
			"name": "kiss",
			"path": "kiss",
			"sourceTree": "<group>"
		},
		"6ACDAB59-96CA-4A19-9274-750E993FE5F0": {
			"fileEncoding": "4",
			"isa": "PBXFileReference",
			"lastKnownFileType": "sourcecode.cpp.cpp",
			"name": "ofxProcessFFT.cpp",
			"sourceTree": "<group>"
		},
		"6D06906F-C023-43A3-955D-3FE05DEB0C69": {
			"fileEncoding": "4",
			"isa": "PBXFileReference",
			"lastKnownFileType": "sourcecode.cpp.h",
			"name": "FakeSSSPass.h",
			"sourceTree": "<group>"
		},
		"6D57F6C8-E613-40F3-A46F-9CF15E942AC5": {
			"fileRef": "729A5C41-91ED-45C6-9136-ECA0865A7D0B",
			"isa": "PBXBuildFile"
		},
		"6D666796-F96F-416B-BCF6-9C208A7EB90C": {
			"fileRef": "7C32D15D-5337-4EDB-8BE4-E4E57A8E7577",
			"isa": "PBXBuildFile"
		},
		"6E52AE4B-1749-488A-9F8F-1FEE8B5DB669": {
			"fileEncoding": "4",
			"isa": "PBXFileReference",
			"lastKnownFileType": "sourcecode.cpp.h",
			"name": "ContrastPass.h",
			"sourceTree": "<group>"
		},
		"6F48A4A4-F794-4B12-A1EE-A7A3605E981B": {
			"fileEncoding": "4",
			"isa": "PBXFileReference",
			"lastKnownFileType": "sourcecode.cpp.cpp",
			"name": "FakeSSSPass.cpp",
			"sourceTree": "<group>"
		},
		"6FBB71F6-388B-44AE-8D3D-BCADFF447A63": {
			"fileRef": "68E9F2A7-9814-495E-89D3-28DF8C1EDDA1",
			"isa": "PBXBuildFile"
		},
		"729A5C41-91ED-45C6-9136-ECA0865A7D0B": {
			"fileEncoding": "4",
			"isa": "PBXFileReference",
			"lastKnownFileType": "sourcecode.cpp.cpp",
			"name": "ContrastPass.cpp",
			"sourceTree": "<group>"
		},
		"72A62018-C689-4F9F-8AB5-EAF35DE03592": {
			"fileEncoding": "4",
			"isa": "PBXFileReference",
			"lastKnownFileType": "sourcecode.cpp.cpp",
			"name": "RimHighlightingPass.cpp",
			"sourceTree": "<group>"
		},
		"7499A432-0A99-46E4-8FCD-F7B396F3FF35": {
			"fileEncoding": "4",
			"isa": "PBXFileReference",
			"lastKnownFileType": "sourcecode.cpp.cpp",
			"name": "PixelatePass.cpp",
			"sourceTree": "<group>"
		},
		"74A2F8F1-C07C-4657-8E39-382256255882": {
			"children": [
				"9AD9FDD8-2BF8-4D23-815C-A63E614E4E86"
			],
			"isa": "PBXGroup",
			"name": "fftw",
			"path": "fftw",
			"sourceTree": "<group>"
		},
		"763BAB60-1E0B-4D2F-ADC4-35C9750B8694": {
			"children": [
				"B2592B45-4E28-4F37-87DB-F44BE2A84B3B",
				"1B37D021-F5F8-4E63-AF4D-08FD53EF5111",
				"880C0EBD-38CE-4CE8-81FB-ABCBBB49C1FD"
			],
			"isa": "PBXGroup",
			"name": "src",
			"path": "src",
			"sourceTree": "<group>"
		},
		"7A63523B-ED9C-4DDA-938C-04D86F1276F5": {
			"children": [
				"0BD79E20-40A5-4A12-8892-BE289D008A6D"
			],
			"isa": "PBXGroup",
			"name": "src",
			"path": "src",
			"sourceTree": "<group>"
		},
		"7B3BD853-46B5-45E6-9AE1-BBAA859EDDDD": {
			"children": [
				"485B21C3-D771-4CFA-B2F1-F19785D7D96A"
			],
			"isa": "PBXGroup",
			"name": "ofxPostProcessing",
			"path": "ofxPostProcessing",
			"sourceTree": "<group>"
		},
		"7B957182-9869-412E-A6AE-7101FBE991FE": {
			"fileEncoding": "4",
			"isa": "PBXFileReference",
			"lastKnownFileType": "sourcecode.cpp.cpp",
			"name": "BloomPass.cpp",
			"sourceTree": "<group>"
		},
		"7BA900BE-5560-42BF-9FA5-BE81D1D5C4D3": {
			"fileEncoding": "4",
			"isa": "PBXFileReference",
			"lastKnownFileType": "sourcecode.cpp.cpp",
			"name": "DofPass.cpp",
			"sourceTree": "<group>"
		},
		"7C32D15D-5337-4EDB-8BE4-E4E57A8E7577": {
			"fileEncoding": "4",
			"isa": "PBXFileReference",
			"lastKnownFileType": "sourcecode.cpp.cpp",
			"name": "ofxPanel.cpp",
			"sourceTree": "<group>"
		},
		"7E3DE136-78A1-4568-B500-0007F67DA31B": {
			"fileEncoding": "4",
			"isa": "PBXFileReference",
			"lastKnownFileType": "sourcecode.cpp.h",
			"name": "NoiseWarpPass.h",
			"sourceTree": "<group>"
		},
		"809616DD-D851-4FF5-ADFD-5E9A47BFB2FF": {
			"fileEncoding": "4",
			"isa": "PBXFileReference",
			"lastKnownFileType": "sourcecode.cpp.h",
			"name": "PixelatePass.h",
			"sourceTree": "<group>"
		},
		"80E743B6-5207-4BFB-BA85-65DC9F299E60": {
			"fileEncoding": "4",
			"isa": "PBXFileReference",
			"lastKnownFileType": "sourcecode.cpp.h",
			"name": "ofxFftBasic.h",
			"sourceTree": "<group>"
		},
		"81510C5B-76CF-422D-A8F7-F9FCCB0E9948": {
			"fileEncoding": "4",
			"isa": "PBXFileReference",
			"lastKnownFileType": "sourcecode.cpp.h",
			"name": "LimbDarkeningPass.h",
			"sourceTree": "<group>"
		},
		"83444EC9-6991-4095-A6C1-819C97ED4D8C": {
			"fileRef": "0A553909-1BA6-4242-94CC-1B94040C9DFE",
			"isa": "PBXBuildFile"
		},
		"880C0EBD-38CE-4CE8-81FB-ABCBBB49C1FD": {
			"fileEncoding": "4",
			"isa": "PBXFileReference",
			"lastKnownFileType": "sourcecode.cpp.h",
			"name": "ofxJSONElement.h",
			"sourceTree": "<group>"
		},
		"88A1C90B-BFBC-4D57-9A73-7E6FD4582CA0": {
			"fileRef": "72A62018-C689-4F9F-8AB5-EAF35DE03592",
			"isa": "PBXBuildFile"
		},
		"8BC7FC60-5466-4538-A425-47AFF60512FF": {
			"fileEncoding": "4",
			"isa": "PBXFileReference",
			"lastKnownFileType": "sourcecode.cpp.h",
			"name": "ofxFftw.h",
			"sourceTree": "<group>"
		},
		"8DEAE806-D708-4AC8-830E-4491B2E1FFFA": {
			"fileRef": "F4555F94-0F3F-4084-A476-ECBEB2D19643",
			"isa": "PBXBuildFile"
		},
		"8EAF77F6-DC21-4E1A-A5EA-58CF619A3B38": {
			"fileEncoding": "4",
			"isa": "PBXFileReference",
			"lastKnownFileType": "sourcecode.cpp.cpp",
			"name": "ofxLabel.cpp",
			"sourceTree": "<group>"
		},
		"91227F2B-4BC4-4A5E-BC3A-4D48FEF6BCE7": {
			"fileEncoding": "4",
			"isa": "PBXFileReference",
			"lastKnownFileType": "sourcecode.cpp.h",
			"name": "ofxColorPicker.h",
			"sourceTree": "<group>"
		},
		"91C930EE-5D69-4EE5-AB20-E91A1993BBE2": {
			"fileEncoding": "4",
			"isa": "PBXFileReference",
			"lastKnownFileType": "sourcecode.cpp.cpp",
			"name": "RGBShiftPass.cpp",
			"sourceTree": "<group>"
		},
		"9325FD3D-0553-4CDE-A865-FE4194E87546": {
			"fileEncoding": "4",
			"isa": "PBXFileReference",
			"lastKnownFileType": "sourcecode.cpp.cpp",
			"name": "ofxButton.cpp",
			"sourceTree": "<group>"
		},
		"93690D84-4182-4DDE-9ADD-6E347529FE83": {
			"fileEncoding": "4",
			"isa": "PBXFileReference",
			"lastKnownFileType": "sourcecode.cpp.cpp",
			"name": "LUTPass.cpp",
			"sourceTree": "<group>"
		},
		"95427919-2CB9-4A31-A5FB-5B4E38D8DED8": {
			"fileRef": "4D5B53E6-FE29-4007-B384-0C7D12C547A8",
			"isa": "PBXBuildFile"
		},
		"95957625-9E0B-43E2-A440-9B95F641931F": {
			"fileEncoding": "4",
			"isa": "PBXFileReference",
			"lastKnownFileType": "sourcecode.cpp.h",
			"name": "ConvolutionPass.h",
			"sourceTree": "<group>"
		},
		"97B965FC-FCD5-4604-B2EC-003732186D4D": {
			"fileEncoding": "4",
			"isa": "PBXFileReference",
			"lastKnownFileType": "sourcecode.cpp.c",
			"name": "kiss_fft.c",
			"sourceTree": "<group>"
		},
		"985E20C6-0232-43C7-93E9-890CBA99F322": {
			"fileEncoding": "4",
			"isa": "PBXFileReference",
			"lastKnownFileType": "sourcecode.cpp.h",
			"name": "BleachBypassPass.h",
			"sourceTree": "<group>"
		},
		"98659E4C-EDB1-4BF5-90E3-CE33BEBAA842": {
			"fileEncoding": "4",
			"isa": "PBXFileReference",
			"lastKnownFileType": "sourcecode.cpp.h",
			"name": "fftw3.h",
			"sourceTree": "<group>"
		},
		"98FCDFF3-9E5D-463B-9CCE-D4CA9981CE2A": {
			"fileEncoding": "4",
			"isa": "PBXFileReference",
			"lastKnownFileType": "sourcecode.cpp.cpp",
			"name": "HorizontalTiltShifPass.cpp",
			"sourceTree": "<group>"
		},
		"9AD9FDD8-2BF8-4D23-815C-A63E614E4E86": {
			"children": [
				"98659E4C-EDB1-4BF5-90E3-CE33BEBAA842"
			],
			"isa": "PBXGroup",
			"name": "include",
			"path": "include",
			"sourceTree": "<group>"
		},
		"9CE1295C-1615-44C9-81F1-AFBEED89F070": {
			"fileRef": "0703684E-8D76-432F-A89E-FBD7F876C9AE",
			"isa": "PBXBuildFile"
		},
		"9D56FC15-AFD1-4BB3-8B50-D0207B525A03": {
			"fileEncoding": "4",
			"isa": "PBXFileReference",
			"lastKnownFileType": "sourcecode.cpp.h",
			"name": "ofxLabel.h",
			"sourceTree": "<group>"
		},
		"9DDA951D-A4EC-4B2E-BB52-B918BC00DC58": {
			"children": [
				"105519F2-491D-46E0-9BB1-5A8D921D000F",
				"7A63523B-ED9C-4DDA-938C-04D86F1276F5"
			],
			"isa": "PBXGroup",
			"name": "jsoncpp",
			"path": "jsoncpp",
			"sourceTree": "<group>"
		},
		"A1780806-D546-40A5-8B52-4D594DC619C3": {
			"fileRef": "6ACDAB59-96CA-4A19-9274-750E993FE5F0",
			"isa": "PBXBuildFile"
		},
		"A1BDF620-57B0-4107-9F7F-2BAD98F2DA76": {
			"children": [
				"68E9F2A7-9814-495E-89D3-28DF8C1EDDA1",
				"5D4159A1-DC9B-4066-BD3D-073189BC9EDD",
				"CED817F9-C5FC-4A29-992E-B50ACA347E51",
				"B03388E5-7D70-4F85-98E0-A2432223DE47",
				"E6C74429-F692-4392-A368-188067916157",
				"80E743B6-5207-4BFB-BA85-65DC9F299E60",
				"6A285565-31C9-4F1C-9486-4D30E1AB18F2",
				"8BC7FC60-5466-4538-A425-47AFF60512FF",
				"6ACDAB59-96CA-4A19-9274-750E993FE5F0",
				"00869DCA-9924-4D77-A8E5-E55811ABA71B"
			],
			"isa": "PBXGroup",
			"name": "src",
			"path": "src",
			"sourceTree": "<group>"
		},
		"A5C37C1D-C018-4BE6-AE6A-8FF7AECB3CF3": {
			"fileEncoding": "4",
			"isa": "PBXFileReference",
			"lastKnownFileType": "sourcecode.cpp.h",
			"name": "ofxGui.h",
			"sourceTree": "<group>"
		},
		"AC9C1187-C074-4495-89C7-5F4DB8665590": {
			"fileEncoding": "4",
			"isa": "PBXFileReference",
			"lastKnownFileType": "sourcecode.cpp.cpp",
			"name": "ofxToggle.cpp",
			"sourceTree": "<group>"
		},
		"AF5AD780-953C-4650-B56F-4C796B83F40D": {
			"fileRef": "67358128-7D0B-4A71-9C8A-4FA6193EE5A6",
			"isa": "PBXBuildFile"
		},
		"AF7012CF-975E-474A-99C1-18713655300E": {
			"fileEncoding": "4",
			"isa": "PBXFileReference",
			"lastKnownFileType": "sourcecode.cpp.h",
			"name": "HorizontalTiltShifPass.h",
			"sourceTree": "<group>"
		},
		"B03388E5-7D70-4F85-98E0-A2432223DE47": {
			"fileEncoding": "4",
			"isa": "PBXFileReference",
			"lastKnownFileType": "sourcecode.cpp.h",
			"name": "ofxFft.h",
			"sourceTree": "<group>"
		},
		"B109EC73-620F-4CEE-99BF-18709AD7AF16": {
			"fileRef": "6A285565-31C9-4F1C-9486-4D30E1AB18F2",
			"isa": "PBXBuildFile"
		},
		"B2592B45-4E28-4F37-87DB-F44BE2A84B3B": {
			"fileEncoding": "4",
			"isa": "PBXFileReference",
			"lastKnownFileType": "sourcecode.cpp.h",
			"name": "ofxJSON.h",
			"sourceTree": "<group>"
		},
		"B35611C4-780B-44EA-85AA-F71CB2DEF575": {
			"fileEncoding": "4",
			"isa": "PBXFileReference",
			"lastKnownFileType": "sourcecode.cpp.h",
			"name": "ofxPostProcessing.h",
			"sourceTree": "<group>"
		},
		"B47ABAA0-5E62-43C0-9029-B600F24F178F": {
			"fileEncoding": "4",
			"isa": "PBXFileReference",
			"lastKnownFileType": "sourcecode.cpp.h",
			"name": "BloomPass.h",
			"sourceTree": "<group>"
		},
		"B4DACF13-02F0-45D7-923B-835E0C676FAF": {
			"children": [
				"565B3902-1D2B-46F4-BE74-7FE20DBE93CD",
				"3F6CAE2B-A462-423F-AA77-2277CD3E28F5",
				"9325FD3D-0553-4CDE-A865-FE4194E87546",
				"B7EB0C67-123B-409F-8D26-4C8AA32EE2EE",
				"F1B307F6-0F1A-4ABD-9D9B-FE6F6B6B198E",
				"91227F2B-4BC4-4A5E-BC3A-4D48FEF6BCE7",
				"A5C37C1D-C018-4BE6-AE6A-8FF7AECB3CF3",
				"374AD03D-99E2-4252-8548-827D89428F62",
				"CB12FD03-D8F8-4021-9E34-955B27742D58",
				"206E4EFE-DC96-4153-B69B-444E2AF177A0",
				"D53C1EF4-8AF3-4CCB-95BD-F2CF0AA9B946",
				"D17431F5-F5C2-42CF-9D3C-71FD25FD06A2",
				"8EAF77F6-DC21-4E1A-A5EA-58CF619A3B38",
				"9D56FC15-AFD1-4BB3-8B50-D0207B525A03",
				"7C32D15D-5337-4EDB-8BE4-E4E57A8E7577",
				"483370B3-CB1E-4AF3-9E57-7005284BD3C9",
				"31575B10-03F6-45F5-8EDB-ACEF292E6916",
				"02D17BC6-1C28-4FAB-8B67-CBFDA6D72E21",
				"5A7B91D5-ED55-4DC3-88D2-7F795F8F1413",
				"19C5AB0A-8CBF-4120-BA35-4C52D4AFC93B",
				"AC9C1187-C074-4495-89C7-5F4DB8665590",
				"0DB4717E-C9B8-4F38-AAF4-6F9444F11144"
			],
			"isa": "PBXGroup",
			"name": "src",
			"path": "src",
			"sourceTree": "<group>"
		},
		"B7EB0C67-123B-409F-8D26-4C8AA32EE2EE": {
			"fileEncoding": "4",
			"isa": "PBXFileReference",
			"lastKnownFileType": "sourcecode.cpp.h",
			"name": "ofxButton.h",
			"sourceTree": "<group>"
		},
		"B9217906-1E16-4510-A2A0-4682C863563F": {
			"fileRef": "374AD03D-99E2-4252-8548-827D89428F62",
			"isa": "PBXBuildFile"
		},
		"B95A9981-2D99-45F8-9173-2BE9BFBAFD99": {
			"fileRef": "1B37D021-F5F8-4E63-AF4D-08FD53EF5111",
			"isa": "PBXBuildFile"
		},
		"BA7E79A0-3AFF-4DD0-AF85-1909E2160EAB": {
			"fileRef": "38ADE9C0-16E2-43BF-9A0A-88BEAF95555A",
			"isa": "PBXBuildFile"
		},
		"BAEC8F86-33F5-4255-9CC1-7CBEAF105332": {
			"fileEncoding": "4",
			"isa": "PBXFileReference",
			"lastKnownFileType": "sourcecode.cpp.h",
			"name": "json.h",
			"sourceTree": "<group>"
		},
		"BB4B014C10F69532006C3DED": {
			"children": [
				"D67FC404-8D0A-46F5-A361-C37CECFD8D9B",
				"33D97659-B209-43DE-BFD9-908ED5217E82",
				"CCE5221E-9423-41F0-9D28-307400B03A0D",
				"7B3BD853-46B5-45E6-9AE1-BBAA859EDDDD"
			],
			"isa": "PBXGroup",
			"name": "addons",
			"path": "../../../addons",
			"sourceTree": "SOURCE_ROOT"
		},
		"BDE272A4-1DA7-407B-B9FC-69468DB4BDFF": {
			"fileRef": "1CE2AAE9-25C5-4CD1-85E6-A7738086AA4B",
			"isa": "PBXBuildFile"
		},
		"C1F976E0-E63C-423D-A15C-B2C3D4BAB45B": {
			"fileRef": "91C930EE-5D69-4EE5-AB20-E91A1993BBE2",
			"isa": "PBXBuildFile"
		},
		"C4046988-436C-4767-AF4A-3F325B9698B7": {
			"fileEncoding": "4",
			"isa": "PBXFileReference",
			"lastKnownFileType": "sourcecode.cpp.h",
			"name": "LUTPass.h",
			"sourceTree": "<group>"
		},
		"C67BA545-CDE2-470A-9086-61DD328710E8": {
			"fileRef": "D53C1EF4-8AF3-4CCB-95BD-F2CF0AA9B946",
			"isa": "PBXBuildFile"
		},
		"C6E6CCDD-1460-491C-AA94-BDB917B48C94": {
			"fileEncoding": "4",
			"isa": "PBXFileReference",
			"lastKnownFileType": "sourcecode.cpp.h",
			"name": "EdgePass.h",
			"sourceTree": "<group>"
		},
		"C8CD2CF4-D912-4B22-A98E-6371E856AFFF": {
			"fileEncoding": "4",
			"isa": "PBXFileReference",
			"lastKnownFileType": "sourcecode.cpp.h",
			"name": "ToonPass.h",
			"sourceTree": "<group>"
		},
		"C9D2573A-0171-4489-BB3F-FB96DBE2C2D5": {
			"fileEncoding": "4",
			"isa": "PBXFileReference",
			"lastKnownFileType": "sourcecode.cpp.cpp",
			"name": "VerticalTiltShifPass.cpp",
			"sourceTree": "<group>"
		},
		"CA8D2DC9-E6A7-488A-B111-45168491C467": {
			"fileRef": "E6C74429-F692-4392-A368-188067916157",
			"isa": "PBXBuildFile"
		},
		"CA9256E1-58E2-497E-8133-A3D238B2D937": {
			"fileEncoding": "4",
			"isa": "PBXFileReference",
			"lastKnownFileType": "sourcecode.cpp.h",
			"name": "DofPass.h",
			"sourceTree": "<group>"
		},
		"CB12FD03-D8F8-4021-9E34-955B27742D58": {
			"fileEncoding": "4",
			"isa": "PBXFileReference",
			"lastKnownFileType": "sourcecode.cpp.h",
			"name": "ofxGuiGroup.h",
			"sourceTree": "<group>"
		},
		"CCE5221E-9423-41F0-9D28-307400B03A0D": {
			"children": [
				"12E0D294-91EC-4F13-908D-F811A071C3FC",
				"763BAB60-1E0B-4D2F-ADC4-35C9750B8694"
			],
			"isa": "PBXGroup",
			"name": "ofxJSON",
			"path": "ofxJSON",
			"sourceTree": "<group>"
		},
		"CECA10F6-01ED-4881-9C8D-A4A92640A011": {
			"fileEncoding": "4",
			"isa": "PBXFileReference",
			"lastKnownFileType": "sourcecode.cpp.cpp",
			"name": "ToonPass.cpp",
			"sourceTree": "<group>"
		},
		"CED817F9-C5FC-4A29-992E-B50ACA347E51": {
			"fileEncoding": "4",
			"isa": "PBXFileReference",
			"lastKnownFileType": "sourcecode.cpp.cpp",
			"name": "ofxFft.cpp",
			"sourceTree": "<group>"
		},
		"D17431F5-F5C2-42CF-9D3C-71FD25FD06A2": {
			"fileEncoding": "4",
			"isa": "PBXFileReference",
			"lastKnownFileType": "sourcecode.cpp.h",
			"name": "ofxInputField.h",
			"sourceTree": "<group>"
		},
		"D23213E9-656A-4787-B4B9-350D792FCA6F": {
			"fileRef": "ED0364D0-BC0B-4A39-B59E-7BA39385A6BC",
			"isa": "PBXBuildFile"
		},
		"D53C1EF4-8AF3-4CCB-95BD-F2CF0AA9B946": {
			"fileEncoding": "4",
			"isa": "PBXFileReference",
			"lastKnownFileType": "sourcecode.cpp.cpp",
			"name": "ofxInputField.cpp",
			"sourceTree": "<group>"
		},
		"D67FC404-8D0A-46F5-A361-C37CECFD8D9B": {
			"children": [
				"36E46BCF-D31A-4DBE-9AE0-07B0F371F07C",
				"A1BDF620-57B0-4107-9F7F-2BAD98F2DA76"
			],
			"isa": "PBXGroup",
			"name": "ofxFft",
			"path": "ofxFft",
			"sourceTree": "<group>"
		},
		"DC9F5EA6-A39D-4F97-869D-0ECB2CE34711": {
			"fileEncoding": "4",
			"isa": "PBXFileReference",
			"lastKnownFileType": "sourcecode.cpp.h",
			"name": "RimHighlightingPass.h",
			"sourceTree": "<group>"
		},
		"DEFCEEB7-F42A-41B1-A486-FD028700B2F2": {
			"fileRef": "565B3902-1D2B-46F4-BE74-7FE20DBE93CD",
			"isa": "PBXBuildFile"
		},
		"E0EC3099-9F19-4D2D-A314-20614D5E3C57": {
			"fileRef": "6F48A4A4-F794-4B12-A1EE-A7A3605E981B",
			"isa": "PBXBuildFile"
		},
		"E42962A92163ECCD00A6A9E2": {
			"alwaysOutOfDate": "1",
			"buildActionMask": "2147483647",
			"files": [],
			"inputPaths": [],
			"isa": "PBXShellScriptBuildPhase",
			"name": "Run Script — Compile OF",
			"outputPaths": [],
			"runOnlyForDeploymentPostprocessing": "0",
			"shellPath": "/bin/sh",
			"shellScript": "$OF_CORE_BUILD_COMMAND\n",
			"showEnvVarsInLog": "0"
		},
		"E4A5B60F29BAAAE400C2D356": {
			"buildActionMask": "2147483647",
			"dstPath": "",
			"dstSubfolderSpec": "6",
			"files": [],
			"isa": "PBXCopyFilesBuildPhase",
			"runOnlyForDeploymentPostprocessing": "0"
		},
		"E4B69B4A0A3A1720003C02F2": {
			"children": [
				"191CD6FA2847E21E0085CBB6",
				"E4B6FCAD0C3E899E008CF71C",
				"E4EB6923138AFD0F00A09F29",
				"E4B69E1C0A3A1BDC003C02F2",
				"191EF70929D778A400F35F26",
				"BB4B014C10F69532006C3DED",
				"E4B69B5B0A3A1756003C02F2",
				"5E1B7A85-3CF2-46BD-8FF7-C9E98C8D324E"
			],
			"isa": "PBXGroup",
			"sourceTree": "<group>"
		},
		"E4B69B4C0A3A1720003C02F2": {
			"attributes": {
				"BuildIndependentTargetsInParallel": "YES",
				"LastUpgradeCheck": "1540"
			},
			"buildConfigurationList": "E4B69B4D0A3A1720003C02F2",
			"compatibilityVersion": "Xcode 3.2",
			"developmentRegion": "en",
			"hasScannedForEncodings": "0",
			"isa": "PBXProject",
			"knownRegions": [
				"en",
				"Base"
			],
			"mainGroup": "E4B69B4A0A3A1720003C02F2",
			"productRefGroup": "E4B69B4A0A3A1720003C02F2",
			"projectDirPath": "",
			"projectRoot": "",
			"targets": [
				"E4B69B5A0A3A1756003C02F2"
			]
		},
		"E4B69B4D0A3A1720003C02F2": {
			"buildConfigurations": [
				"E4B69B4E0A3A1720003C02F2",
				"E4B69B4F0A3A1720003C02F2"
			],
			"defaultConfigurationIsVisible": "0",
			"defaultConfigurationName": "Release",
			"isa": "XCConfigurationList"
		},
		"E4B69B4E0A3A1720003C02F2": {
			"baseConfigurationReference": "E4EB6923138AFD0F00A09F29",
			"buildSettings": {
				"CODE_SIGN_ENTITLEMENTS": "of.entitlements",
				"COPY_PHASE_STRIP": "NO",
				"ENABLE_TESTABILITY": "YES",
				"GCC_OPTIMIZATION_LEVEL": "0",
				"GCC_WARN_UNUSED_VARIABLE": "NO",
				"HEADER_SEARCH_PATHS": [
					"$(OF_CORE_HEADERS)",
					"src"
				],
				"OTHER_CPLUSPLUSFLAGS": "-D__MACOSX_CORE__"
			},
			"isa": "XCBuildConfiguration",
			"name": "Debug"
		},
		"E4B69B4F0A3A1720003C02F2": {
			"baseConfigurationReference": "E4EB6923138AFD0F00A09F29",
			"buildSettings": {
				"CODE_SIGN_ENTITLEMENTS": "of.entitlements",
				"COPY_PHASE_STRIP": "YES",
				"GCC_OPTIMIZATION_LEVEL": "3",
				"GCC_UNROLL_LOOPS": "YES",
				"HEADER_SEARCH_PATHS": [
					"$(OF_CORE_HEADERS)",
					"src"
				],
				"OTHER_CPLUSPLUSFLAGS": "-D__MACOSX_CORE__"
			},
			"isa": "XCBuildConfiguration",
			"name": "Release"
		},
		"E4B69B580A3A1756003C02F2": {
			"buildActionMask": "2147483647",
			"files": [
				"E4B69E200A3A1BDC003C02F2",
				"E4B69E210A3A1BDC003C02F2",
				"03E26F62-AA78-4545-9E08-0F535382B115",
				"8DEAE806-D708-4AC8-830E-4491B2E1FFFA",
				"6FBB71F6-388B-44AE-8D3D-BCADFF447A63",
				"35B3B2DA-BB0C-4518-8B40-B16F078285EF",
				"CA8D2DC9-E6A7-488A-B111-45168491C467",
				"B109EC73-620F-4CEE-99BF-18709AD7AF16",
				"A1780806-D546-40A5-8B52-4D594DC619C3",
				"DEFCEEB7-F42A-41B1-A486-FD028700B2F2",
				"22F0B72F-F84C-4C9E-B12B-F76BCDC9784C",
				"4FD2421F-A363-4D62-8756-3480556B1CD3",
				"B9217906-1E16-4510-A2A0-4682C863563F",
				"C67BA545-CDE2-470A-9086-61DD328710E8",
				"64B1CAAE-6EFA-4AE6-B74B-F865A692D526",
				"6D666796-F96F-416B-BCF6-9C208A7EB90C",
				"F6DC8EB8-C9DA-459D-BBAB-4BA917F4CD74",
				"1445EDFA-CFC4-4E4D-B95C-0E97CC683E24",
				"60A699E5-0F13-4ED8-857F-4C78E8BACCCE",
				"4AB7D3A3-10DD-4482-9434-5F748A49740C",
				"B95A9981-2D99-45F8-9173-2BE9BFBAFD99",
				"5A53166F-50BE-4293-823D-37A1AFAF731F",
				"1CF7705E-58AF-4ABD-99E2-E1CBB9DFC10C",
				"6D57F6C8-E613-40F3-A46F-9CF15E942AC5",
				"83444EC9-6991-4095-A6C1-819C97ED4D8C",
				"D23213E9-656A-4787-B4B9-350D792FCA6F",
				"F59C1DD4-13B0-4BC6-A91D-D5016A3947B5",
				"9CE1295C-1615-44C9-81F1-AFBEED89F070",
				"E0EC3099-9F19-4D2D-A314-20614D5E3C57",
				"BDE272A4-1DA7-407B-B9FC-69468DB4BDFF",
				"95427919-2CB9-4A31-A5FB-5B4E38D8DED8",
				"618C0A95-8D6B-48AA-B189-FE3335466406",
				"AF5AD780-953C-4650-B56F-4C796B83F40D",
				"04D36D50-7D78-44D3-938D-8565F771BDBD",
				"07A2C17C-C8AA-4439-8CF4-A10E03A35200",
				"BA7E79A0-3AFF-4DD0-AF85-1909E2160EAB",
				"5DC693C9-4CB7-42CD-9DAA-9836AE5F390D",
				"653F38A7-0186-48D8-AE7A-CB3BE24A3877",
				"1469337B-F622-4C96-AFB9-F428AAA7B457",
				"C1F976E0-E63C-423D-A15C-B2C3D4BAB45B",
				"47002871-416D-4C89-8152-F292B0B81011",
				"88A1C90B-BFBC-4D57-9A73-7E6FD4582CA0",
				"43E89B48-DC56-4094-9FC0-DD9446607F3C",
				"698FB770-BAD4-4ABB-97FD-A991A3FC574A",
				"1B508D8D-7804-42BD-8EB4-1D3DD98CADD6",
				"289D4A48-5F9E-4BFF-BB25-CF503498C784"
			],
			"isa": "PBXSourcesBuildPhase",
			"runOnlyForDeploymentPostprocessing": "0"
		},
		"E4B69B590A3A1756003C02F2": {
			"buildActionMask": "2147483647",
			"files": [],
			"isa": "PBXFrameworksBuildPhase",
			"runOnlyForDeploymentPostprocessing": "0"
		},
		"E4B69B5A0A3A1756003C02F2": {
			"buildConfigurationList": "E4B69B5F0A3A1757003C02F2",
			"buildPhases": [
				"E42962A92163ECCD00A6A9E2",
				"E4B69B580A3A1756003C02F2",
				"E4B69B590A3A1756003C02F2",
				"E4C2427710CC5ABF004149E2",
				"E4A5B60F29BAAAE400C2D356",
				"19B789C429E5AB4A0082E9B8"
			],
			"buildRules": [],
			"dependencies": [],
			"isa": "PBXNativeTarget",
			"name": "cognitoni-auto-vj",
			"productName": "myOFApp",
			"productReference": "E4B69B5B0A3A1756003C02F2",
			"productType": "com.apple.product-type.application"
		},
		"E4B69B5B0A3A1756003C02F2": {
			"explicitFileType": "wrapper.application",
			"includeInIndex": "0",
			"isa": "PBXFileReference",
			"path": "cognitoni-auto-vjDebug.app",
			"sourceTree": "BUILT_PRODUCTS_DIR"
		},
		"E4B69B5F0A3A1757003C02F2": {
			"buildConfigurations": [
				"E4B69B600A3A1757003C02F2",
				"E4B69B610A3A1757003C02F2"
			],
			"defaultConfigurationIsVisible": "0",
			"defaultConfigurationName": "Release",
			"isa": "XCConfigurationList"
		},
		"E4B69B600A3A1757003C02F2": {
			"baseConfigurationReference": "E4EB6923138AFD0F00A09F29",
			"buildSettings": {
				"ARCHS": "$(ARCHS_STANDARD)",
				"COPY_PHASE_STRIP": "NO",
				"FRAMEWORK_SEARCH_PATHS": "$(inherited)",
				"GCC_DYNAMIC_NO_PIC": "NO",
				"HEADER_SEARCH_PATHS": [
					"$(OF_CORE_HEADERS)",
					"src",
					"src",
					"../../../addons/ofxFft/libs",
					"../../../addons/ofxFft/libs/fftw",
					"../../../addons/ofxFft/libs/fftw/include",
					"../../../addons/ofxFft/libs/fftw/lib",
					"../../../addons/ofxFft/libs/kiss",
					"../../../addons/ofxFft/src",
					"../../../addons/ofxGui/src",
					"../../../addons/ofxJSON/libs",
					"../../../addons/ofxJSON/libs/jsoncpp",
					"../../../addons/ofxJSON/libs/jsoncpp/include",
					"../../../addons/ofxJSON/libs/jsoncpp/include/json",
					"../../../addons/ofxJSON/libs/jsoncpp/src",
					"../../../addons/ofxJSON/src",
					"../../../addons/ofxPostProcessing/src"
				],
				"LIBRARY_SEARCH_PATHS": "$(inherited)",
				"OTHER_LDFLAGS": [
					"$(OF_CORE_LIBS)",
					"$(OF_CORE_FRAMEWORKS)",
					"$(LIB_OF_DEBUG)"
				]
			},
			"isa": "XCBuildConfiguration",
			"name": "Debug"
		},
		"E4B69B610A3A1757003C02F2": {
			"baseConfigurationReference": "E4EB6923138AFD0F00A09F29",
			"buildSettings": {
				"ARCHS": "$(ARCHS_STANDARD)",
				"COPY_PHASE_STRIP": "YES",
				"FRAMEWORK_SEARCH_PATHS": "$(inherited)",
				"HEADER_SEARCH_PATHS": [
					"$(OF_CORE_HEADERS)",
					"src",
					"src",
					"../../../addons/ofxFft/libs",
					"../../../addons/ofxFft/libs/fftw",
					"../../../addons/ofxFft/libs/fftw/include",
					"../../../addons/ofxFft/libs/fftw/lib",
					"../../../addons/ofxFft/libs/kiss",
					"../../../addons/ofxFft/src",
					"../../../addons/ofxGui/src",
					"../../../addons/ofxJSON/libs",
					"../../../addons/ofxJSON/libs/jsoncpp",
					"../../../addons/ofxJSON/libs/jsoncpp/include",
					"../../../addons/ofxJSON/libs/jsoncpp/include/json",
					"../../../addons/ofxJSON/libs/jsoncpp/src",
					"../../../addons/ofxJSON/src",
					"../../../addons/ofxPostProcessing/src"
				],
				"LIBRARY_SEARCH_PATHS": "$(inherited)",
				"OTHER_LDFLAGS": [
					"$(OF_CORE_LIBS)",
					"$(OF_CORE_FRAMEWORKS)",
					"$(LIB_OF_RELEASE)"
				],
				"baseConfigurationReference": "E4EB6923138AFD0F00A09F29"
			},
			"isa": "XCBuildConfiguration",
			"name": "Release"
		},
		"E4B69E1C0A3A1BDC003C02F2": {
			"children": [
				"E4B69E1D0A3A1BDC003C02F2",
				"E4B69E1E0A3A1BDC003C02F2",
				"E4B69E1F0A3A1BDC003C02F2"
			],
			"isa": "PBXGroup",
			"path": "src",
			"sourceTree": "SOURCE_ROOT"
		},
		"E4B69E1D0A3A1BDC003C02F2": {
			"fileEncoding": "4",
			"isa": "PBXFileReference",
			"lastKnownFileType": "sourcecode.cpp.cpp",
			"name": "main.cpp",
			"path": "src/main.cpp",
			"sourceTree": "SOURCE_ROOT"
		},
		"E4B69E1E0A3A1BDC003C02F2": {
			"explicitFileType": "sourcecode.cpp.cpp",
			"fileEncoding": "4",
			"isa": "PBXFileReference",
			"name": "ofApp.cpp",
			"path": "src/ofApp.cpp",
			"sourceTree": "SOURCE_ROOT"
		},
		"E4B69E1F0A3A1BDC003C02F2": {
			"fileEncoding": "4",
			"isa": "PBXFileReference",
			"lastKnownFileType": "sourcecode.c.h",
			"name": "ofApp.h",
			"path": "src/ofApp.h",
			"sourceTree": "SOURCE_ROOT"
		},
		"E4B69E200A3A1BDC003C02F2": {
			"fileRef": "E4B69E1D0A3A1BDC003C02F2",
			"isa": "PBXBuildFile"
		},
		"E4B69E210A3A1BDC003C02F2": {
			"fileRef": "E4B69E1E0A3A1BDC003C02F2",
			"isa": "PBXBuildFile"
		},
		"E4B6FCAD0C3E899E008CF71C": {
			"fileEncoding": "4",
			"isa": "PBXFileReference",
			"lastKnownFileType": "text.plist.xml",
			"path": "openFrameworks-Info.plist",
			"sourceTree": "<group>"
		},
		"E4C2427710CC5ABF004149E2": {
			"buildActionMask": "2147483647",
			"dstPath": "",
			"dstSubfolderSpec": "10",
			"files": [],
			"isa": "PBXCopyFilesBuildPhase",
			"runOnlyForDeploymentPostprocessing": "0"
		},
		"E4EB6923138AFD0F00A09F29": {
			"fileEncoding": "4",
			"isa": "PBXFileReference",
			"lastKnownFileType": "text.xcconfig",
			"path": "Project.xcconfig",
			"sourceTree": "<group>"
		},
		"E4EFFF22-E960-4C73-A220-EC7DC4251E59": {
			"fileEncoding": "4",
			"isa": "PBXFileReference",
			"lastKnownFileType": "sourcecode.cpp.h",
			"name": "json-forwards.h",
			"sourceTree": "<group>"
		},
		"E6C74429-F692-4392-A368-188067916157": {
			"fileEncoding": "4",
			"isa": "PBXFileReference",
			"lastKnownFileType": "sourcecode.cpp.cpp",
			"name": "ofxFftBasic.cpp",
			"sourceTree": "<group>"
		},
		"E85B81BD-1FD1-4BDA-A06E-E75BC0404B5F": {
			"fileEncoding": "4",
			"isa": "PBXFileReference",
			"lastKnownFileType": "sourcecode.cpp.h",
			"name": "kiss_fftr.h",
			"sourceTree": "<group>"
		},
		"E87A16BE-18B0-4CFB-9EB8-E8CED2EF3683": {
			"children": [
				"E4EFFF22-E960-4C73-A220-EC7DC4251E59",
				"BAEC8F86-33F5-4255-9CC1-7CBEAF105332"
			],
			"isa": "PBXGroup",
			"name": "json",
			"path": "json",
			"sourceTree": "<group>"
		},
		"E977CA2A-A22F-4BAD-B08F-30BFAA64F77E": {
			"fileEncoding": "4",
			"isa": "PBXFileReference",
			"lastKnownFileType": "sourcecode.cpp.cpp",
			"name": "BleachBypassPass.cpp",
			"sourceTree": "<group>"
		},
		"ED0364D0-BC0B-4A39-B59E-7BA39385A6BC": {
			"fileEncoding": "4",
			"isa": "PBXFileReference",
			"lastKnownFileType": "sourcecode.cpp.cpp",
			"name": "DofAltPass.cpp",
			"sourceTree": "<group>"
		},
		"EFA6A3CF-7017-4E25-B56A-82EF1B67DE04": {
			"fileEncoding": "4",
			"isa": "PBXFileReference",
			"lastKnownFileType": "sourcecode.cpp.cpp",
			"name": "PostProcessing.cpp",
			"sourceTree": "<group>"
		},
		"F09D9DA9-D410-4357-8E6A-DEC6BF53BBE7": {
			"fileEncoding": "4",
			"isa": "PBXFileReference",
			"lastKnownFileType": "sourcecode.cpp.cpp",
			"name": "ZoomBlurPass.cpp",
			"sourceTree": "<group>"
		},
		"F1B307F6-0F1A-4ABD-9D9B-FE6F6B6B198E": {
			"fileEncoding": "4",
			"isa": "PBXFileReference",
			"lastKnownFileType": "sourcecode.cpp.cpp",
			"name": "ofxColorPicker.cpp",
			"sourceTree": "<group>"
		},
		"F4555F94-0F3F-4084-A476-ECBEB2D19643": {
			"fileEncoding": "4",
			"isa": "PBXFileReference",
			"lastKnownFileType": "sourcecode.cpp.c",
			"name": "kiss_fftr.c",
			"sourceTree": "<group>"
		},
		"F59C1DD4-13B0-4BC6-A91D-D5016A3947B5": {
			"fileRef": "7BA900BE-5560-42BF-9FA5-BE81D1D5C4D3",
			"isa": "PBXBuildFile"
		},
		"F6DC8EB8-C9DA-459D-BBAB-4BA917F4CD74": {
			"fileRef": "31575B10-03F6-45F5-8EDB-ACEF292E6916",
			"isa": "PBXBuildFile"
		},
		"F72DAE28-6699-4FB1-9E14-4A0DEA6F8474": {
			"fileEncoding": "4",
			"isa": "PBXFileReference",
			"lastKnownFileType": "sourcecode.cpp.h",
			"name": "PostProcessing.h",
			"sourceTree": "<group>"
		},
		"FC878A72-34E1-4EA6-ADDA-6801FFDD5559": {
			"fileEncoding": "4",
			"isa": "PBXFileReference",
			"lastKnownFileType": "sourcecode.cpp.h",
			"name": "SSAOPass.h",
			"sourceTree": "<group>"
		}
	},
	"rootObject": "E4B69B4C0A3A1720003C02F2"
}