<?xml version="1.0" encoding="utf-8"?>
<Project ToolsVersion="4.0" xmlns="http://schemas.microsoft.com/developer/msbuild/2003">
  <ItemGroup>
    <ClCompile Include="src\ofApp.cpp">
      <Filter>src</Filter>
    </ClCompile>
    <ClCompile Include="src\main.cpp">
      <Filter>src</Filter>
    </ClCompile>
    <ClCompile Include="..\..\..\addons\ofxFft\src\ofxEasyFft.cpp">
      <Filter>addons\ofxFft\src</Filter>
    </ClCompile>
    <ClCompile Include="..\..\..\addons\ofxFft\src\ofxFft.cpp">
      <Filter>addons\ofxFft\src</Filter>
    </ClCompile>
    <ClCompile Include="..\..\..\addons\ofxFft\src\ofxFftBasic.cpp">
      <Filter>addons\ofxFft\src</Filter>
    </ClCompile>
    <ClCompile Include="..\..\..\addons\ofxFft\src\ofxFftw.cpp">
      <Filter>addons\ofxFft\src</Filter>
    </ClCompile>
    <ClCompile Include="..\..\..\addons\ofxFft\src\ofxProcessFFT.cpp">
      <Filter>addons\ofxFft\src</Filter>
    </ClCompile>
    <ClCompile Include="..\..\..\addons\ofxFft\libs\kiss\kiss_fft.c">
      <Filter>addons\ofxFft\libs\kiss</Filter>
    </ClCompile>
    <ClCompile Include="..\..\..\addons\ofxFft\libs\kiss\kiss_fftr.c">
      <Filter>addons\ofxFft\libs\kiss</Filter>
    </ClCompile>
    <ClCompile Include="..\..\..\addons\ofxGui\src\ofxBaseGui.cpp">
      <Filter>addons\ofxGui\src</Filter>
    </ClCompile>
    <ClCompile Include="..\..\..\addons\ofxGui\src\ofxButton.cpp">
      <Filter>addons\ofxGui\src</Filter>
    </ClCompile>
    <ClCompile Include="..\..\..\addons\ofxGui\src\ofxColorPicker.cpp">
      <Filter>addons\ofxGui\src</Filter>
    </ClCompile>
    <ClCompile Include="..\..\..\addons\ofxGui\src\ofxGuiGroup.cpp">
      <Filter>addons\ofxGui\src</Filter>
    </ClCompile>
    <ClCompile Include="..\..\..\addons\ofxGui\src\ofxInputField.cpp">
      <Filter>addons\ofxGui\src</Filter>
    </ClCompile>
    <ClCompile Include="..\..\..\addons\ofxGui\src\ofxLabel.cpp">
      <Filter>addons\ofxGui\src</Filter>
    </ClCompile>
    <ClCompile Include="..\..\..\addons\ofxGui\src\ofxPanel.cpp">
      <Filter>addons\ofxGui\src</Filter>
    </ClCompile>
    <ClCompile Include="..\..\..\addons\ofxGui\src\ofxSlider.cpp">
      <Filter>addons\ofxGui\src</Filter>
    </ClCompile>
    <ClCompile Include="..\..\..\addons\ofxGui\src\ofxSliderGroup.cpp">
      <Filter>addons\ofxGui\src</Filter>
    </ClCompile>
    <ClCompile Include="..\..\..\addons\ofxGui\src\ofxToggle.cpp">
      <Filter>addons\ofxGui\src</Filter>
    </ClCompile>
    <ClCompile Include="..\..\..\addons\ofxJSON\src\ofxJSONElement.cpp">
      <Filter>addons\ofxJSON\src</Filter>
    </ClCompile>
    <ClCompile Include="..\..\..\addons\ofxJSON\libs\jsoncpp\src\jsoncpp.cpp">
      <Filter>addons\ofxJSON\libs\jsoncpp\src</Filter>
    </ClCompile>
    <ClCompile Include="..\..\..\addons\ofxPostProcessing\src\BleachBypassPass.cpp">
      <Filter>addons\ofxPostProcessing\src</Filter>
    </ClCompile>
    <ClCompile Include="..\..\..\addons\ofxPostProcessing\src\BloomPass.cpp">
      <Filter>addons\ofxPostProcessing\src</Filter>
    </ClCompile>
    <ClCompile Include="..\..\..\addons\ofxPostProcessing\src\ContrastPass.cpp">
      <Filter>addons\ofxPostProcessing\src</Filter>
    </ClCompile>
    <ClCompile Include="..\..\..\addons\ofxPostProcessing\src\ConvolutionPass.cpp">
      <Filter>addons\ofxPostProcessing\src</Filter>
    </ClCompile>
    <ClCompile Include="..\..\..\addons\ofxPostProcessing\src\DofAltPass.cpp">
      <Filter>addons\ofxPostProcessing\src</Filter>
    </ClCompile>
    <ClCompile Include="..\..\..\addons\ofxPostProcessing\src\DofPass.cpp">
      <Filter>addons\ofxPostProcessing\src</Filter>
    </ClCompile>
    <ClCompile Include="..\..\..\addons\ofxPostProcessing\src\EdgePass.cpp">
      <Filter>addons\ofxPostProcessing\src</Filter>
    </ClCompile>
    <ClCompile Include="..\..\..\addons\ofxPostProcessing\src\FakeSSSPass.cpp">
      <Filter>addons\ofxPostProcessing\src</Filter>
    </ClCompile>
    <ClCompile Include="..\..\..\addons\ofxPostProcessing\src\FxaaPass.cpp">
      <Filter>addons\ofxPostProcessing\src</Filter>
    </ClCompile>
    <ClCompile Include="..\..\..\addons\ofxPostProcessing\src\GodRaysPass.cpp">
      <Filter>addons\ofxPostProcessing\src</Filter>
    </ClCompile>
    <ClCompile Include="..\..\..\addons\ofxPostProcessing\src\HorizontalTiltShifPass.cpp">
      <Filter>addons\ofxPostProcessing\src</Filter>
    </ClCompile>
    <ClCompile Include="..\..\..\addons\ofxPostProcessing\src\HsbShiftPass.cpp">
      <Filter>addons\ofxPostProcessing\src</Filter>
    </ClCompile>
    <ClCompile Include="..\..\..\addons\ofxPostProcessing\src\KaleidoscopePass.cpp">
      <Filter>addons\ofxPostProcessing\src</Filter>
    </ClCompile>
    <ClCompile Include="..\..\..\addons\ofxPostProcessing\src\LimbDarkeningPass.cpp">
      <Filter>addons\ofxPostProcessing\src</Filter>
    </ClCompile>
    <ClCompile Include="..\..\..\addons\ofxPostProcessing\src\LUTPass.cpp">
      <Filter>addons\ofxPostProcessing\src</Filter>
    </ClCompile>
    <ClCompile Include="..\..\..\addons\ofxPostProcessing\src\NoiseWarpPass.cpp">
      <Filter>addons\ofxPostProcessing\src</Filter>
    </ClCompile>
    <ClCompile Include="..\..\..\addons\ofxPostProcessing\src\PixelatePass.cpp">
      <Filter>addons\ofxPostProcessing\src</Filter>
    </ClCompile>
    <ClCompile Include="..\..\..\addons\ofxPostProcessing\src\PostProcessing.cpp">
      <Filter>addons\ofxPostProcessing\src</Filter>
    </ClCompile>
    <ClCompile Include="..\..\..\addons\ofxPostProcessing\src\RenderPass.cpp">
      <Filter>addons\ofxPostProcessing\src</Filter>
    </ClCompile>
    <ClCompile Include="..\..\..\addons\ofxPostProcessing\src\RGBShiftPass.cpp">
      <Filter>addons\ofxPostProcessing\src</Filter>
    </ClCompile>
    <ClCompile Include="..\..\..\addons\ofxPostProcessing\src\RimHighlightingPass.cpp">
      <Filter>addons\ofxPostProcessing\src</Filter>
    </ClCompile>
    <ClCompile Include="..\..\..\addons\ofxPostProcessing\src\SSAOPass.cpp">
      <Filter>addons\ofxPostProcessing\src</Filter>
    </ClCompile>
    <ClCompile Include="..\..\..\addons\ofxPostProcessing\src\ToonPass.cpp">
      <Filter>addons\ofxPostProcessing\src</Filter>
    </ClCompile>
    <ClCompile Include="..\..\..\addons\ofxPostProcessing\src\VerticalTiltShifPass.cpp">
      <Filter>addons\ofxPostProcessing\src</Filter>
    </ClCompile>
    <ClCompile Include="..\..\..\addons\ofxPostProcessing\src\ZoomBlurPass.cpp">
      <Filter>addons\ofxPostProcessing\src</Filter>
    </ClCompile>
  </ItemGroup>
  <ItemGroup>
    <Filter Include="src">
      <UniqueIdentifier>{d8376475-7454-4a24-b08a-aac121d3ad6f}</UniqueIdentifier>
    </Filter>
    <Filter Include="addons">
      <UniqueIdentifier>{10B450FD--165-7-48-FC-A-153-48814B8DDB16}</UniqueIdentifier>
    </Filter>
    <Filter Include="addons\ofxFft">
      <UniqueIdentifier>{4194F40A--82A-6-4D-DD-8-2BE-3CFA24313803}</UniqueIdentifier>
    </Filter>
    <Filter Include="addons\ofxFft\src">
      <UniqueIdentifier>{AE10716F--993-D-45-DB-A-5EA-10865C9C9D75}</UniqueIdentifier>
    </Filter>
    <Filter Include="addons\ofxFft\libs">
      <UniqueIdentifier>{A58EB813--885-C-40-36-8-24B-13EA708A01AF}</UniqueIdentifier>
    </Filter>
    <Filter Include="addons\ofxFft\libs\fftw">
      <UniqueIdentifier>{EF7AEB99--E0D-6-4B-B3-8-C93-F4D1900A5D20}</UniqueIdentifier>
    </Filter>
    <Filter Include="addons\ofxFft\libs\fftw\include">
      <UniqueIdentifier>{4ACEB679--259-0-48-00-B-FD4-D4007C02820C}</UniqueIdentifier>
    </Filter>
    <Filter Include="addons\ofxFft\libs\kiss">
      <UniqueIdentifier>{1EBDACD4--D0B-D-43-BC-8-28E-C2E0876ECA15}</UniqueIdentifier>
    </Filter>
    <Filter Include="addons\ofxGui">
      <UniqueIdentifier>{94E9DB1F--DE6-E-4A-8A-8-D1D-3B87CC245B9A}</UniqueIdentifier>
    </Filter>
    <Filter Include="addons\ofxGui\src">
      <UniqueIdentifier>{444B52FB--37B-5-4C-48-A-63D-54A28782F861}</UniqueIdentifier>
    </Filter>
    <Filter Include="addons\ofxJSON">
      <UniqueIdentifier>{7551F0C9--A87-B-46-4C-9-62E-3D0B74423782}</UniqueIdentifier>
    </Filter>
    <Filter Include="addons\ofxJSON\src">
      <UniqueIdentifier>{37B1E96B--889-B-4B-8C-9-FE5-EC1FD01927EB}</UniqueIdentifier>
    </Filter>
    <Filter Include="addons\ofxJSON\libs">
      <UniqueIdentifier>{B4C7348C--A62-E-4C-F3-8-631-2D15B9AAF53E}</UniqueIdentifier>
    </Filter>
    <Filter Include="addons\ofxJSON\libs\jsoncpp">
      <UniqueIdentifier>{10ED7F48--165-B-45-B8-9-DEC-F47C4D4477A2}</UniqueIdentifier>
    </Filter>
    <Filter Include="addons\ofxJSON\libs\jsoncpp\include">
      <UniqueIdentifier>{3DED6A1E--66B-8-4A-71-B-3BE-1D4FE5ECDB85}</UniqueIdentifier>
    </Filter>
    <Filter Include="addons\ofxJSON\libs\jsoncpp\include\json">
      <UniqueIdentifier>{D6D710B1--2AF-3-42-E5-B-430-83730577BF7A}</UniqueIdentifier>
    </Filter>
    <Filter Include="addons\ofxJSON\libs\jsoncpp\src">
      <UniqueIdentifier>{29221C73--C97-A-46-AF-8-911-993BB93E5539}</UniqueIdentifier>
    </Filter>
    <Filter Include="addons\ofxPostProcessing">
      <UniqueIdentifier>{39BD7D5D--F0D-4-41-22-9-443-890B4EF1B1CC}</UniqueIdentifier>
    </Filter>
    <Filter Include="addons\ofxPostProcessing\src">
      <UniqueIdentifier>{8AE9C3BC--ABD-A-4E-5D-8-543-BD7128AB66BB}</UniqueIdentifier>
    </Filter>
    <Filter Include="config">
      <UniqueIdentifier>{4735e35b-d614-4c0c-ac12-3845b83f6eab}</UniqueIdentifier>
    </Filter>
    <Filter Include="bin">
      <UniqueIdentifier>{e461b0d5-5690-4a4a-ae0b-d77348458c92}</UniqueIdentifier>
    </Filter>
    <Filter Include="bin\data">
      <UniqueIdentifier>{bd014952-76fd-4df7-bb0a-800a25bd0ee2}</UniqueIdentifier>
    </Filter>
  </ItemGroup>
  <ItemGroup>
    <ClInclude Include="src\ofApp.h">
      <Filter>src</Filter>
    </ClInclude>
    <ClInclude Include="..\..\..\addons\ofxFft\src\ofxEasyFft.h">
      <Filter>addons\ofxFft\src</Filter>
    </ClInclude>
    <ClInclude Include="..\..\..\addons\ofxFft\src\ofxFft.h">
      <Filter>addons\ofxFft\src</Filter>
    </ClInclude>
    <ClInclude Include="..\..\..\addons\ofxFft\src\ofxFftBasic.h">
      <Filter>addons\ofxFft\src</Filter>
    </ClInclude>
    <ClInclude Include="..\..\..\addons\ofxFft\src\ofxFftw.h">
      <Filter>addons\ofxFft\src</Filter>
    </ClInclude>
    <ClInclude Include="..\..\..\addons\ofxFft\src\ofxProcessFFT.h">
      <Filter>addons\ofxFft\src</Filter>
    </ClInclude>
    <ClInclude Include="..\..\..\addons\ofxFft\libs\fftw\include\fftw3.h">
      <Filter>addons\ofxFft\libs\fftw\include</Filter>
    </ClInclude>
    <ClInclude Include="..\..\..\addons\ofxFft\libs\kiss\kiss_fft.h">
      <Filter>addons\ofxFft\libs\kiss</Filter>
    </ClInclude>
    <ClInclude Include="..\..\..\addons\ofxFft\libs\kiss\kiss_fftr.h">
      <Filter>addons\ofxFft\libs\kiss</Filter>
    </ClInclude>
    <ClInclude Include="..\..\..\addons\ofxFft\libs\kiss\_kiss_fft_guts.h">
      <Filter>addons\ofxFft\libs\kiss</Filter>
    </ClInclude>
    <ClInclude Include="..\..\..\addons\ofxGui\src\ofxBaseGui.h">
      <Filter>addons\ofxGui\src</Filter>
    </ClInclude>
    <ClInclude Include="..\..\..\addons\ofxGui\src\ofxButton.h">
      <Filter>addons\ofxGui\src</Filter>
    </ClInclude>
    <ClInclude Include="..\..\..\addons\ofxGui\src\ofxColorPicker.h">
      <Filter>addons\ofxGui\src</Filter>
    </ClInclude>
    <ClInclude Include="..\..\..\addons\ofxGui\src\ofxGui.h">
      <Filter>addons\ofxGui\src</Filter>
    </ClInclude>
    <ClInclude Include="..\..\..\addons\ofxGui\src\ofxGuiGroup.h">
      <Filter>addons\ofxGui\src</Filter>
    </ClInclude>
    <ClInclude Include="..\..\..\addons\ofxGui\src\ofxGuiUtils.h">
      <Filter>addons\ofxGui\src</Filter>
    </ClInclude>
    <ClInclude Include="..\..\..\addons\ofxGui\src\ofxInputField.h">
      <Filter>addons\ofxGui\src</Filter>
    </ClInclude>
    <ClInclude Include="..\..\..\addons\ofxGui\src\ofxLabel.h">
      <Filter>addons\ofxGui\src</Filter>
    </ClInclude>
    <ClInclude Include="..\..\..\addons\ofxGui\src\ofxPanel.h">
      <Filter>addons\ofxGui\src</Filter>
    </ClInclude>
    <ClInclude Include="..\..\..\addons\ofxGui\src\ofxSlider.h">
      <Filter>addons\ofxGui\src</Filter>
    </ClInclude>
    <ClInclude Include="..\..\..\addons\ofxGui\src\ofxSliderGroup.h">
      <Filter>addons\ofxGui\src</Filter>
    </ClInclude>
    <ClInclude Include="..\..\..\addons\ofxGui\src\ofxToggle.h">
      <Filter>addons\ofxGui\src</Filter>
    </ClInclude>
    <ClInclude Include="..\..\..\addons\ofxJSON\src\ofxJSON.h">
      <Filter>addons\ofxJSON\src</Filter>
    </ClInclude>
    <ClInclude Include="..\..\..\addons\ofxJSON\src\ofxJSONElement.h">
      <Filter>addons\ofxJSON\src</Filter>
    </ClInclude>
    <ClInclude Include="..\..\..\addons\ofxJSON\libs\jsoncpp\include\json\json-forwards.h">
      <Filter>addons\ofxJSON\libs\jsoncpp\include\json</Filter>
    </ClInclude>
    <ClInclude Include="..\..\..\addons\ofxJSON\libs\jsoncpp\include\json\json.h">
      <Filter>addons\ofxJSON\libs\jsoncpp\include\json</Filter>
    </ClInclude>
    <ClInclude Include="..\..\..\addons\ofxPostProcessing\src\BleachBypassPass.h">
      <Filter>addons\ofxPostProcessing\src</Filter>
    </ClInclude>
    <ClInclude Include="..\..\..\addons\ofxPostProcessing\src\BloomPass.h">
      <Filter>addons\ofxPostProcessing\src</Filter>
    </ClInclude>
    <ClInclude Include="..\..\..\addons\ofxPostProcessing\src\ContrastPass.h">
      <Filter>addons\ofxPostProcessing\src</Filter>
    </ClInclude>
    <ClInclude Include="..\..\..\addons\ofxPostProcessing\src\ConvolutionPass.h">
      <Filter>addons\ofxPostProcessing\src</Filter>
    </ClInclude>
    <ClInclude Include="..\..\..\addons\ofxPostProcessing\src\DofAltPass.h">
      <Filter>addons\ofxPostProcessing\src</Filter>
    </ClInclude>
    <ClInclude Include="..\..\..\addons\ofxPostProcessing\src\DofPass.h">
      <Filter>addons\ofxPostProcessing\src</Filter>
    </ClInclude>
    <ClInclude Include="..\..\..\addons\ofxPostProcessing\src\EdgePass.h">
      <Filter>addons\ofxPostProcessing\src</Filter>
    </ClInclude>
    <ClInclude Include="..\..\..\addons\ofxPostProcessing\src\FakeSSSPass.h">
      <Filter>addons\ofxPostProcessing\src</Filter>
    </ClInclude>
    <ClInclude Include="..\..\..\addons\ofxPostProcessing\src\FxaaPass.h">
      <Filter>addons\ofxPostProcessing\src</Filter>
    </ClInclude>
    <ClInclude Include="..\..\..\addons\ofxPostProcessing\src\GodRaysPass.h">
      <Filter>addons\ofxPostProcessing\src</Filter>
    </ClInclude>
    <ClInclude Include="..\..\..\addons\ofxPostProcessing\src\HorizontalTiltShifPass.h">
      <Filter>addons\ofxPostProcessing\src</Filter>
    </ClInclude>
    <ClInclude Include="..\..\..\addons\ofxPostProcessing\src\HsbShiftPass.h">
      <Filter>addons\ofxPostProcessing\src</Filter>
    </ClInclude>
    <ClInclude Include="..\..\..\addons\ofxPostProcessing\src\KaleidoscopePass.h">
      <Filter>addons\ofxPostProcessing\src</Filter>
    </ClInclude>
    <ClInclude Include="..\..\..\addons\ofxPostProcessing\src\LimbDarkeningPass.h">
      <Filter>addons\ofxPostProcessing\src</Filter>
    </ClInclude>
    <ClInclude Include="..\..\..\addons\ofxPostProcessing\src\LUTPass.h">
      <Filter>addons\ofxPostProcessing\src</Filter>
    </ClInclude>
    <ClInclude Include="..\..\..\addons\ofxPostProcessing\src\NoiseWarpPass.h">
      <Filter>addons\ofxPostProcessing\src</Filter>
    </ClInclude>
    <ClInclude Include="..\..\..\addons\ofxPostProcessing\src\ofxPostProcessing.h">
      <Filter>addons\ofxPostProcessing\src</Filter>
    </ClInclude>
    <ClInclude Include="..\..\..\addons\ofxPostProcessing\src\PixelatePass.h">
      <Filter>addons\ofxPostProcessing\src</Filter>
    </ClInclude>
    <ClInclude Include="..\..\..\addons\ofxPostProcessing\src\PostProcessing.h">
      <Filter>addons\ofxPostProcessing\src</Filter>
    </ClInclude>
    <ClInclude Include="..\..\..\addons\ofxPostProcessing\src\RenderPass.h">
      <Filter>addons\ofxPostProcessing\src</Filter>
    </ClInclude>
    <ClInclude Include="..\..\..\addons\ofxPostProcessing\src\RGBShiftPass.h">
      <Filter>addons\ofxPostProcessing\src</Filter>
    </ClInclude>
    <ClInclude Include="..\..\..\addons\ofxPostProcessing\src\RimHighlightingPass.h">
      <Filter>addons\ofxPostProcessing\src</Filter>
    </ClInclude>
    <ClInclude Include="..\..\..\addons\ofxPostProcessing\src\SSAOPass.h">
      <Filter>addons\ofxPostProcessing\src</Filter>
    </ClInclude>
    <ClInclude Include="..\..\..\addons\ofxPostProcessing\src\ToonPass.h">
      <Filter>addons\ofxPostProcessing\src</Filter>
    </ClInclude>
    <ClInclude Include="..\..\..\addons\ofxPostProcessing\src\VerticalTiltShifPass.h">
      <Filter>addons\ofxPostProcessing\src</Filter>
    </ClInclude>
    <ClInclude Include="..\..\..\addons\ofxPostProcessing\src\ZoomBlurPass.h">
      <Filter>addons\ofxPostProcessing\src</Filter>
    </ClInclude>
  </ItemGroup>
  <ItemGroup>
    <ResourceCompile Include="icon.rc" />
  </ItemGroup>
  <ItemGroup>
    <None Include="settings.json">
      <Filter>config</Filter>
    </None>
    <None Include="shader.vert">
      <Filter>bin\data</Filter>
    </None>
    <None Include="shader.frag">
      <Filter>bin\data</Filter>
    </None>
  </ItemGroup>
</Project>